
Microsoft Visual Studio Solution File, Format Version 12.00
# Visual Studio Version 17
VisualStudioVersion = 17.2.32602.215
MinimumVisualStudioVersion = 10.0.40219.1
Project("{FAE04EC0-301F-11D3-BF4B-00C04F79EFBC}") = "a2ltranslate", "DAMOS FOLDER TRANSLATE\a2ltranslate.csproj", "{7E020849-E969-4792-BE79-8FCA97031EBC}"
EndProject
Global
	GlobalSection(SolutionConfigurationPlatforms) = preSolution
		Debug|Any CPU = Debug|Any CPU
		Release|Any CPU = Release|Any CPU
	EndGlobalSection
	GlobalSection(ProjectConfigurationPlatforms) = postSolution
		{7E020849-E969-4792-BE79-8FCA97031EBC}.Debug|Any CPU.ActiveCfg = Debug|Any CPU
		{7E020849-E969-4792-BE79-8FCA97031EBC}.Debug|Any CPU.Build.0 = Debug|Any CPU
		{7E020849-E969-4792-BE79-8FCA97031EBC}.Release|Any CPU.ActiveCfg = Release|Any CPU
		{7E020849-E969-4792-BE79-8FCA97031EBC}.Release|Any CPU.Build.0 = Release|Any CPU
	EndGlobalSection
	GlobalSection(SolutionProperties) = preSolution
		HideSolutionNode = FALSE
	EndGlobalSection
	GlobalSection(ExtensibilityGlobals) = postSolution
		SolutionGuid = {3BCD9B41-C7A7-4598-812F-19C3C2F6C4E2}
	EndGlobalSection
EndGlobal
